Microsoft Visual Studio Solution File, Format Version 12.00
# Visual Studio Version 17
VisualStudioVersion = 17.13.35931.197
MinimumVisualStudioVersion = 10.0.40219.1
Project("{FAE04EC0-301F-11D3-BF4B-00C04F79EFBC}") = "EducationPlatform", "EducationPlatform\EducationPlatform.csproj", "{105BDD47-ABD1-4A56-BC06-A9264F93D49B}"
EndProject
Project("{2150E333-8FDC-42A3-9474-1A3956D46DE8}") = "Application", "Application", "{02EA681E-C7D8-13C7-8484-4AC65E1B71E8}"
EndProject
Project("{2150E333-8FDC-42A3-9474-1A3956D46DE8}") = "Domain", "Domain", "{DE1BDFD5-8179-455B-BD2E-5DF34A7F3B86}"
EndProject
Project("{2150E333-8FDC-42A3-9474-1A3956D46DE8}") = "Infrastructure", "Infrastructure", "{D210FA41-2E66-4C44-88F4-6CB29CA3DB18}"
EndProject
Project("{2150E333-8FDC-42A3-9474-1A3956D46DE8}") = "Infr.Ioc", "Infr.Ioc", "{991C38E4-1E79-40FC-AB19-60E4EC048FF3}"
EndProject
Project("{2150E333-8FDC-42A3-9474-1A3956D46DE8}") = "UI.MVC", "UI.MVC", "{2FE29E1D-0F6A-40C5-8695-31FDFB01F2BA}"
EndProject
Project("{FAE04EC0-301F-11D3-BF4B-00C04F79EFBC}") = "CleanArch.Application", "CleanArch.Application\CleanArch.Application.csproj", "{3181BF1A-0B75-4D51-BBA0-635CF31A1051}"
EndProject
Project("{FAE04EC0-301F-11D3-BF4B-00C04F79EFBC}") = "CleanArch.Domain", "CleanArch.Domain\CleanArch.Domain.csproj", "{7B31545F-F01D-42C9-AF7C-11CF8611F1C3}"
EndProject
Project("{FAE04EC0-301F-11D3-BF4B-00C04F79EFBC}") = "CleanArch.Infrastructure", "CleanArch.Infrastructure\CleanArch.Infrastructure.csproj", "{643B2AD7-7EAE-4580-9C3C-9ECD4E5C96AD}"
EndProject
Project("{FAE04EC0-301F-11D3-BF4B-00C04F79EFBC}") = "CleanArch.Infr.Ioc", "CleanArch.Infr.Ioc\CleanArch.Infr.Ioc.csproj", "{084D147A-CD97-44DA-B11C-0DBB4DC22908}"
EndProject
Global
	GlobalSection(SolutionConfigurationPlatforms) = preSolution
		Debug|Any CPU = Debug|Any CPU
		Release|Any CPU = Release|Any CPU
	EndGlobalSection
	GlobalSection(ProjectConfigurationPlatforms) = postSolution
		{105BDD47-ABD1-4A56-BC06-A9264F93D49B}.Debug|Any CPU.ActiveCfg = Debug|Any CPU
		{105BDD47-ABD1-4A56-BC06-A9264F93D49B}.Debug|Any CPU.Build.0 = Debug|Any CPU
		{105BDD47-ABD1-4A56-BC06-A9264F93D49B}.Release|Any CPU.ActiveCfg = Release|Any CPU
		{105BDD47-ABD1-4A56-BC06-A9264F93D49B}.Release|Any CPU.Build.0 = Release|Any CPU
		{3181BF1A-0B75-4D51-BBA0-635CF31A1051}.Debug|Any CPU.ActiveCfg = Debug|Any CPU
		{3181BF1A-0B75-4D51-BBA0-635CF31A1051}.Debug|Any CPU.Build.0 = Debug|Any CPU
		{3181BF1A-0B75-4D51-BBA0-635CF31A1051}.Release|Any CPU.ActiveCfg = Release|Any CPU
		{3181BF1A-0B75-4D51-BBA0-635CF31A1051}.Release|Any CPU.Build.0 = Release|Any CPU
		{7B31545F-F01D-42C9-AF7C-11CF8611F1C3}.Debug|Any CPU.ActiveCfg = Debug|Any CPU
		{7B31545F-F01D-42C9-AF7C-11CF8611F1C3}.Debug|Any CPU.Build.0 = Debug|Any CPU
		{7B31545F-F01D-42C9-AF7C-11CF8611F1C3}.Release|Any CPU.ActiveCfg = Release|Any CPU
		{7B31545F-F01D-42C9-AF7C-11CF8611F1C3}.Release|Any CPU.Build.0 = Release|Any CPU
		{643B2AD7-7EAE-4580-9C3C-9ECD4E5C96AD}.Debug|Any CPU.ActiveCfg = Debug|Any CPU
		{643B2AD7-7EAE-4580-9C3C-9ECD4E5C96AD}.Debug|Any CPU.Build.0 = Debug|Any CPU
		{643B2AD7-7EAE-4580-9C3C-9ECD4E5C96AD}.Release|Any CPU.ActiveCfg = Release|Any CPU
		{643B2AD7-7EAE-4580-9C3C-9ECD4E5C96AD}.Release|Any CPU.Build.0 = Release|Any CPU
		{084D147A-CD97-44DA-B11C-0DBB4DC22908}.Debug|Any CPU.ActiveCfg = Debug|Any CPU
		{084D147A-CD97-44DA-B11C-0DBB4DC22908}.Debug|Any CPU.Build.0 = Debug|Any CPU
		{084D147A-CD97-44DA-B11C-0DBB4DC22908}.Release|Any CPU.ActiveCfg = Release|Any CPU
		{084D147A-CD97-44DA-B11C-0DBB4DC22908}.Release|Any CPU.Build.0 = Release|Any CPU
	EndGlobalSection
	GlobalSection(SolutionProperties) = preSolution
		HideSolutionNode = FALSE
	EndGlobalSection
	GlobalSection(NestedProjects) = preSolution
		{105BDD47-ABD1-4A56-BC06-A9264F93D49B} = {2FE29E1D-0F6A-40C5-8695-31FDFB01F2BA}
		{3181BF1A-0B75-4D51-BBA0-635CF31A1051} = {02EA681E-C7D8-13C7-8484-4AC65E1B71E8}
		{7B31545F-F01D-42C9-AF7C-11CF8611F1C3} = {DE1BDFD5-8179-455B-BD2E-5DF34A7F3B86}
		{643B2AD7-7EAE-4580-9C3C-9ECD4E5C96AD} = {D210FA41-2E66-4C44-88F4-6CB29CA3DB18}
		{084D147A-CD97-44DA-B11C-0DBB4DC22908} = {991C38E4-1E79-40FC-AB19-60E4EC048FF3}
	EndGlobalSection
	GlobalSection(ExtensibilityGlobals) = postSolution
		SolutionGuid = {60375124-96ED-45ED-91D8-F358F6ABB514}
	EndGlobalSection
EndGlobal
